{
    "version": "0.5",
    "requires": [
        "zlib/1.3.1#cac0f6daea041b0ccf42934163defb20%1765284699.337",
        "protobuf/5.29.3#2106fa74a66b9c0166a38dd01c74c88e%1768401322.455",
        "openssl/3.6.1#2e0be4a996c7ca91feb31b7fe65117b9%1769599203.736",
        "opengl/system#cfcf523b9d2bad75cbf377f56562634c%1762526044.744",
        "lz4/1.9.4#4ed63aa8e019d795cd3b8c0d2dd66cda%1743433190.812",
        "glfw/3.4#41cc24c744dc4c80571f5dd10dcd9cda%1732635892.515",
        "bzip2/1.0.8#c470882369c2d95c5c77e970c0c7e321%1762886692.465",
        "boost/1.90.0#d5e8defe7355494953be18524a7f135b%1765955095.179",
        "abseil/20250127.0#4242e8b46c00cdfbeb976f3d02990ba6%1761741491.734"
    ],
    "build_requires": [
        "strawberryperl/5.32.1.1#8d114504d172cfea8ea1662d09b6333e%1751971032.423",
        "nasm/2.16.01#31e26f2ee3c4346ecd347911bd126904%1745483323.489",
        "cmake/3.31.11#f325c933f618a1fcebc1e1c0babfd1ba%1769622857.944",
        "b2/5.4.2#ffd6084a119587e70f11cd45d1a386e2%1766594659.866"
    ],
    "python_requires": [],
    "config_requires": []
}
